
Microsoft Visual Studio Solution File, Format Version 12.00
# Visual Studio Version 17
VisualStudioVersion = 17.9.34714.143
MinimumVisualStudioVersion = 10.0.40219.1
Project("{FAE04EC0-301F-11D3-BF4B-00C04F79EFBC}") = "Coffe-Shop-WebAPI", "Coffe-Shop-WebAPI.csproj", "{96E652F1-75CA-4FB4-906E-AD5BED020316}"
EndProject
Global
	GlobalSection(SolutionConfigurationPlatforms) = preSolution
		Debug|Any CPU = Debug|Any CPU
		Release|Any CPU = Release|Any CPU
	EndGlobalSection
	GlobalSection(ProjectConfigurationPlatforms) = postSolution
		{96E652F1-75CA-4FB4-906E-AD5BED020316}.Debug|Any CPU.ActiveCfg = Debug|Any CPU
		{96E652F1-75CA-4FB4-906E-AD5BED020316}.Debug|Any CPU.Build.0 = Debug|Any CPU
		{96E652F1-75CA-4FB4-906E-AD5BED020316}.Release|Any CPU.ActiveCfg = Release|Any CPU
		{96E652F1-75CA-4FB4-906E-AD5BED020316}.Release|Any CPU.Build.0 = Release|Any CPU
	EndGlobalSection
	GlobalSection(SolutionProperties) = preSolution
		HideSolutionNode = FALSE
	EndGlobalSection
	GlobalSection(ExtensibilityGlobals) = postSolution
		SolutionGuid = {A1EDD0F3-9013-4346-B9A8-6F75C7D4A692}
	EndGlobalSection
EndGlobal
